
Microsoft Visual Studio Solution File, Format Version 12.00
# Visual Studio 2012
Project("{FAE04EC0-301F-11D3-BF4B-00C04F79EFBC}") = "Temperaturer", "Temperaturer\Temperaturer.csproj", "{DBB377BE-1821-49E5-AC35-730B330AE271}"
EndProject
Global
	GlobalSection(SolutionConfigurationPlatforms) = preSolution
		Debug|Any CPU = Debug|Any CPU
		Release|Any CPU = Release|Any CPU
	EndGlobalSection
	GlobalSection(ProjectConfigurationPlatforms) = postSolution
		{DBB377BE-1821-49E5-AC35-730B330AE271}.Debug|Any CPU.ActiveCfg = Debug|Any CPU
		{DBB377BE-1821-49E5-AC35-730B330AE271}.Debug|Any CPU.Build.0 = Debug|Any CPU
		{DBB377BE-1821-49E5-AC35-730B330AE271}.Release|Any CPU.ActiveCfg = Release|Any CPU
		{DBB377BE-1821-49E5-AC35-730B330AE271}.Release|Any CPU.Build.0 = Release|Any CPU
	EndGlobalSection
	GlobalSection(SolutionProperties) = preSolution
		HideSolutionNode = FALSE
	EndGlobalSection
EndGlobal
